
Microsoft Visual Studio Solution File, Format Version 12.00
# Visual Studio Version 16
VisualStudioVersion = 16.0.31402.337
MinimumVisualStudioVersion = 10.0.40219.1
Project("{FAE04EC0-301F-11D3-BF4B-00C04F79EFBC}") = "WeatherApiProject", "WeatherApiProject.csproj", "{79EAE26A-A70F-4C81-A250-6DF014132767}"
EndProject
Global
	GlobalSection(SolutionConfigurationPlatforms) = preSolution
		Debug|Any CPU = Debug|Any CPU
		Release|Any CPU = Release|Any CPU
	EndGlobalSection
	GlobalSection(ProjectConfigurationPlatforms) = postSolution
		{79EAE26A-A70F-4C81-A250-6DF014132767}.Debug|Any CPU.ActiveCfg = Debug|Any CPU
		{79EAE26A-A70F-4C81-A250-6DF014132767}.Debug|Any CPU.Build.0 = Debug|Any CPU
		{79EAE26A-A70F-4C81-A250-6DF014132767}.Release|Any CPU.ActiveCfg = Release|Any CPU
		{79EAE26A-A70F-4C81-A250-6DF014132767}.Release|Any CPU.Build.0 = Release|Any CPU
	EndGlobalSection
	GlobalSection(SolutionProperties) = preSolution
		HideSolutionNode = FALSE
	EndGlobalSection
	GlobalSection(ExtensibilityGlobals) = postSolution
		SolutionGuid = {54368A99-BF9B-487B-BD2A-3DD2C36813CB}
	EndGlobalSection
EndGlobal
